{
  "version": 4,
  "terraform_version": "1.14.2",
  "serial": 1,
  "lineage": "a94258ed-95a3-55e9-449a-93b0ef967096",
  "outputs": {},
  "resources": [
    {
      "mode": "managed",
      "type": "aws_vpc",
      "name": "vpc_clase",
      "provider": "provider[\"registry.terraform.io/hashicorp/aws\"]",
      "instances": [
        {
          "schema_version": 1,
          "attributes": {
            "arn": "arn:aws:ec2:us-east-1:371373045428:vpc/vpc-0c3c6ab003a3a6ec4",
            "assign_generated_ipv6_cidr_block": false,
            "cidr_block": "10.0.0.0/16",
            "default_network_acl_id": "acl-039d1044de852297d",
            "default_route_table_id": "rtb-043607c077ee66da8",
            "default_security_group_id": "sg-0010defca1ea89307",
            "dhcp_options_id": "dopt-09b54f4e3f8be8492",
            "enable_dns_hostnames": false,
            "enable_dns_support": true,
            "enable_network_address_usage_metrics": false,
            "id": "vpc-0c3c6ab003a3a6ec4",
            "instance_tenancy": "default",
            "ipv4_ipam_pool_id": null,
            "ipv4_netmask_length": null,
            "ipv6_association_id": "",
            "ipv6_cidr_block": "",
            "ipv6_cidr_block_network_border_group": "",
            "ipv6_ipam_pool_id": "",
            "ipv6_netmask_length": 0,
            "main_route_table_id": "rtb-043607c077ee66da8",
            "owner_id": "371373045428",
            "tags": {
              "Name": "vpc-clase"
            },
            "tags_all": {
              "Name": "vpc-clase"
            }
          },
          "sensitive_attributes": [],
          "identity_schema_version": 0,
          "private": "eyJzY2hlbWFfdmVyc2lvbiI6IjEifQ=="
        }
      ]
    }
  ],
  "check_results": null
}
